
Microsoft Visual Studio Solution File, Format Version 12.00
# Visual Studio Version 16
VisualStudioVersion = 16.0.33214.272
MinimumVisualStudioVersion = 10.0.40219.1
Project("{FAE04EC0-301F-11D3-BF4B-00C04F79EFBC}") = "NetcadUzunYazi", "NetcadUzunYazi\NetcadUzunYazi.csproj", "{852C15F1-5B2D-4AF8-834B-97F46169D505}"
EndProject
Global
	GlobalSection(SolutionConfigurationPlatforms) = preSolution
		Debug|Any CPU = Debug|Any CPU
		Release|Any CPU = Release|Any CPU
	EndGlobalSection
	GlobalSection(ProjectConfigurationPlatforms) = postSolution
		{852C15F1-5B2D-4AF8-834B-97F46169D505}.Debug|Any CPU.ActiveCfg = Debug|Any CPU
		{852C15F1-5B2D-4AF8-834B-97F46169D505}.Debug|Any CPU.Build.0 = Debug|Any CPU
		{852C15F1-5B2D-4AF8-834B-97F46169D505}.Release|Any CPU.ActiveCfg = Release|Any CPU
		{852C15F1-5B2D-4AF8-834B-97F46169D505}.Release|Any CPU.Build.0 = Release|Any CPU
	EndGlobalSection
	GlobalSection(SolutionProperties) = preSolution
		HideSolutionNode = FALSE
	EndGlobalSection
	GlobalSection(ExtensibilityGlobals) = postSolution
		SolutionGuid = {D633E4B0-2C43-4D58-A7BE-6162CA0254C8}
	EndGlobalSection
EndGlobal
